
Microsoft Visual Studio Solution File, Format Version 12.00
# Visual Studio 15
VisualStudioVersion = 15.0.27428.2043
MinimumVisualStudioVersion = 10.0.40219.1
Project("{FAE04EC0-301F-11D3-BF4B-00C04F79EFBC}") = "integral", "integral\integral.csproj", "{CCC8E37C-2C45-4B64-B113-8D8082670680}"
EndProject
Global
	GlobalSection(SolutionConfigurationPlatforms) = preSolution
		Debug|Any CPU = Debug|Any CPU
		Release|Any CPU = Release|Any CPU
	EndGlobalSection
	GlobalSection(ProjectConfigurationPlatforms) = postSolution
		{CCC8E37C-2C45-4B64-B113-8D8082670680}.Debug|Any CPU.ActiveCfg = Debug|Any CPU
		{CCC8E37C-2C45-4B64-B113-8D8082670680}.Debug|Any CPU.Build.0 = Debug|Any CPU
		{CCC8E37C-2C45-4B64-B113-8D8082670680}.Release|Any CPU.ActiveCfg = Release|Any CPU
		{CCC8E37C-2C45-4B64-B113-8D8082670680}.Release|Any CPU.Build.0 = Release|Any CPU
	EndGlobalSection
	GlobalSection(SolutionProperties) = preSolution
		HideSolutionNode = FALSE
	EndGlobalSection
	GlobalSection(ExtensibilityGlobals) = postSolution
		SolutionGuid = {9D4B745E-7260-4027-8A54-EEBBA214776C}
	EndGlobalSection
EndGlobal
